// !$*UTF8*$!
{
	archiveVersion = 1;
	classes = {
	};
	objectVersion = 56;
	objects = {

/* Begin PBXBuildFile section */
		7961528B2941269200D136B4 /* AuthResponse.swift in Sources */ = {isa = PBXBuildFile; fileRef = 7961528A2941269200D136B4 /* AuthResponse.swift */; };
		79A38DF0292BF6BB00C55DAF /* AppDelegate.swift in Sources */ = {isa = PBXBuildFile; fileRef = 79A38DEF292BF6BB00C55DAF /* AppDelegate.swift */; };
		79A38DF2292BF6BB00C55DAF /* SceneDelegate.swift in Sources */ = {isa = PBXBuildFile; fileRef = 79A38DF1292BF6BB00C55DAF /* SceneDelegate.swift */; };
		79A38DF4292BF6BB00C55DAF /* HomeViewController.swift in Sources */ = {isa = PBXBuildFile; fileRef = 79A38DF3292BF6BB00C55DAF /* HomeViewController.swift */; };
		79A38DF9292BF6BC00C55DAF /* Assets.xcassets in Resources */ = {isa = PBXBuildFile; fileRef = 79A38DF8292BF6BC00C55DAF /* Assets.xcassets */; };
		79A38DFC292BF6BC00C55DAF /* LaunchScreen.storyboard in Resources */ = {isa = PBXBuildFile; fileRef = 79A38DFA292BF6BC00C55DAF /* LaunchScreen.storyboard */; };
		79A38E0C292C002900C55DAF /* TabBarViewController.swift in Sources */ = {isa = PBXBuildFile; fileRef = 79A38E0B292C002900C55DAF /* TabBarViewController.swift */; };
		79A38E0E292C008300C55DAF /* SearchViewController.swift in Sources */ = {isa = PBXBuildFile; fileRef = 79A38E0D292C008300C55DAF /* SearchViewController.swift */; };
		79A38E10292C00B100C55DAF /* LibraryViewController.swift in Sources */ = {isa = PBXBuildFile; fileRef = 79A38E0F292C00B100C55DAF /* LibraryViewController.swift */; };
		79A38E14292C013D00C55DAF /* AuthViewController.swift in Sources */ = {isa = PBXBuildFile; fileRef = 79A38E13292C013D00C55DAF /* AuthViewController.swift */; };
		79A38E16292C015F00C55DAF /* WelcomeViewController.swift in Sources */ = {isa = PBXBuildFile; fileRef = 79A38E15292C015F00C55DAF /* WelcomeViewController.swift */; };
		79A38E18292C018300C55DAF /* SettingsViewController.swift in Sources */ = {isa = PBXBuildFile; fileRef = 79A38E17292C018300C55DAF /* SettingsViewController.swift */; };
		79A38E1A292C01A200C55DAF /* ProfileViewController.swift in Sources */ = {isa = PBXBuildFile; fileRef = 79A38E19292C01A200C55DAF /* ProfileViewController.swift */; };
		79A38E1C292C01BD00C55DAF /* PlayerViewController.swift in Sources */ = {isa = PBXBuildFile; fileRef = 79A38E1B292C01BD00C55DAF /* PlayerViewController.swift */; };
		79A38E1E292C01E000C55DAF /* PlaylistViewController.swift in Sources */ = {isa = PBXBuildFile; fileRef = 79A38E1D292C01E000C55DAF /* PlaylistViewController.swift */; };
		79A38E20292C021000C55DAF /* SearchResultsViewController.swift in Sources */ = {isa = PBXBuildFile; fileRef = 79A38E1F292C021000C55DAF /* SearchResultsViewController.swift */; };
		79A38E22292C025300C55DAF /* AuthManager.swift in Sources */ = {isa = PBXBuildFile; fileRef = 79A38E21292C025300C55DAF /* AuthManager.swift */; };
		79A38E24292C027200C55DAF /* APICaller.swift in Sources */ = {isa = PBXBuildFile; fileRef = 79A38E23292C027200C55DAF /* APICaller.swift */; };
		79A38E26292C029C00C55DAF /* HapticsManager.swift in Sources */ = {isa = PBXBuildFile; fileRef = 79A38E25292C029C00C55DAF /* HapticsManager.swift */; };
		79A38E28292C02FF00C55DAF /* Playlist.swift in Sources */ = {isa = PBXBuildFile; fileRef = 79A38E27292C02FF00C55DAF /* Playlist.swift */; };
		79A38E2A292C032500C55DAF /* AudioTrack.swift in Sources */ = {isa = PBXBuildFile; fileRef = 79A38E29292C032500C55DAF /* AudioTrack.swift */; };
		79A38E2C292C034700C55DAF /* Artist.swift in Sources */ = {isa = PBXBuildFile; fileRef = 79A38E2B292C034700C55DAF /* Artist.swift */; };
		79A38E2E292C036A00C55DAF /* UserProfile.swift in Sources */ = {isa = PBXBuildFile; fileRef = 79A38E2D292C036A00C55DAF /* UserProfile.swift */; };
		79A38E30292C16C100C55DAF /* Extensions.swift in Sources */ = {isa = PBXBuildFile; fileRef = 79A38E2F292C16C100C55DAF /* Extensions.swift */; };
/* End PBXBuildFile section */

/* Begin PBXFileReference section */
		7961528A2941269200D136B4 /* AuthResponse.swift */ = {isa = PBXFileReference; lastKnownFileType = sourcecode.swift; path = AuthResponse.swift; sourceTree = "<group>"; };
		79A38DEC292BF6BB00C55DAF /* Apple Music UIKit.app */ = {isa = PBXFileReference; explicitFileType = wrapper.application; includeInIndex = 0; path = "Apple Music UIKit.app"; sourceTree = BUILT_PRODUCTS_DIR; };
		79A38DEF292BF6BB00C55DAF /* AppDelegate.swift */ = {isa = PBXFileReference; lastKnownFileType = sourcecode.swift; path = AppDelegate.swift; sourceTree = "<group>"; };
		79A38DF1292BF6BB00C55DAF /* SceneDelegate.swift */ = {isa = PBXFileReference; lastKnownFileType = sourcecode.swift; path = SceneDelegate.swift; sourceTree = "<group>"; };
		79A38DF3292BF6BB00C55DAF /* HomeViewController.swift */ = {isa = PBXFileReference; lastKnownFileType = sourcecode.swift; path = HomeViewController.swift; sourceTree = "<group>"; };
		79A38DF8292BF6BC00C55DAF /* Assets.xcassets */ = {isa = PBXFileReference; lastKnownFileType = folder.assetcatalog; path = Assets.xcassets; sourceTree = "<group>"; };
		79A38DFB292BF6BC00C55DAF /* Base */ = {isa = PBXFileReference; lastKnownFileType = file.storyboard; name = Base; path = Base.lproj/LaunchScreen.storyboard; sourceTree = "<group>"; };
		79A38DFD292BF6BC00C55DAF /* Info.plist */ = {isa = PBXFileReference; lastKnownFileType = text.plist.xml; path = Info.plist; sourceTree = "<group>"; };
		79A38E0B292C002900C55DAF /* TabBarViewController.swift */ = {isa = PBXFileReference; lastKnownFileType = sourcecode.swift; path = TabBarViewController.swift; sourceTree = "<group>"; };
		79A38E0D292C008300C55DAF /* SearchViewController.swift */ = {isa = PBXFileReference; lastKnownFileType = sourcecode.swift; path = SearchViewController.swift; sourceTree = "<group>"; };
		79A38E0F292C00B100C55DAF /* LibraryViewController.swift */ = {isa = PBXFileReference; lastKnownFileType = sourcecode.swift; path = LibraryViewController.swift; sourceTree = "<group>"; };
		79A38E13292C013D00C55DAF /* AuthViewController.swift */ = {isa = PBXFileReference; lastKnownFileType = sourcecode.swift; path = AuthViewController.swift; sourceTree = "<group>"; };
		79A38E15292C015F00C55DAF /* WelcomeViewController.swift */ = {isa = PBXFileReference; lastKnownFileType = sourcecode.swift; path = WelcomeViewController.swift; sourceTree = "<group>"; };
		79A38E17292C018300C55DAF /* SettingsViewController.swift */ = {isa = PBXFileReference; lastKnownFileType = sourcecode.swift; path = SettingsViewController.swift; sourceTree = "<group>"; };
		79A38E19292C01A200C55DAF /* ProfileViewController.swift */ = {isa = PBXFileReference; lastKnownFileType = sourcecode.swift; path = ProfileViewController.swift; sourceTree = "<group>"; };
		79A38E1B292C01BD00C55DAF /* PlayerViewController.swift */ = {isa = PBXFileReference; lastKnownFileType = sourcecode.swift; path = PlayerViewController.swift; sourceTree = "<group>"; };
		79A38E1D292C01E000C55DAF /* PlaylistViewController.swift */ = {isa = PBXFileReference; lastKnownFileType = sourcecode.swift; path = PlaylistViewController.swift; sourceTree = "<group>"; };
		79A38E1F292C021000C55DAF /* SearchResultsViewController.swift */ = {isa = PBXFileReference; lastKnownFileType = sourcecode.swift; path = SearchResultsViewController.swift; sourceTree = "<group>"; };
		79A38E21292C025300C55DAF /* AuthManager.swift */ = {isa = PBXFileReference; lastKnownFileType = sourcecode.swift; path = AuthManager.swift; sourceTree = "<group>"; };
		79A38E23292C027200C55DAF /* APICaller.swift */ = {isa = PBXFileReference; lastKnownFileType = sourcecode.swift; path = APICaller.swift; sourceTree = "<group>"; };
		79A38E25292C029C00C55DAF /* HapticsManager.swift */ = {isa = PBXFileReference; lastKnownFileType = sourcecode.swift; path = HapticsManager.swift; sourceTree = "<group>"; };
		79A38E27292C02FF00C55DAF /* Playlist.swift */ = {isa = PBXFileReference; lastKnownFileType = sourcecode.swift; path = Playlist.swift; sourceTree = "<group>"; };
		79A38E29292C032500C55DAF /* AudioTrack.swift */ = {isa = PBXFileReference; lastKnownFileType = sourcecode.swift; path = AudioTrack.swift; sourceTree = "<group>"; };
		79A38E2B292C034700C55DAF /* Artist.swift */ = {isa = PBXFileReference; lastKnownFileType = sourcecode.swift; path = Artist.swift; sourceTree = "<group>"; };
		79A38E2D292C036A00C55DAF /* UserProfile.swift */ = {isa = PBXFileReference; lastKnownFileType = sourcecode.swift; path = UserProfile.swift; sourceTree = "<group>"; };
		79A38E2F292C16C100C55DAF /* Extensions.swift */ = {isa = PBXFileReference; lastKnownFileType = sourcecode.swift; path = Extensions.swift; sourceTree = "<group>"; };
/* End PBXFileReference section */

/* Begin PBXFrameworksBuildPhase section */
		79A38DE9292BF6BB00C55DAF /* Frameworks */ = {
			isa = PBXFrameworksBuildPhase;
			buildActionMask = 2147483647;
			files = (
			);
			runOnlyForDeploymentPostprocessing = 0;
		};
/* End PBXFrameworksBuildPhase section */

/* Begin PBXGroup section */
		79A38DE3292BF6BB00C55DAF = {
			isa = PBXGroup;
			children = (
				79A38DEE292BF6BB00C55DAF /* Apple Music UIKit */,
				79A38DED292BF6BB00C55DAF /* Products */,
			);
			sourceTree = "<group>";
		};
		79A38DED292BF6BB00C55DAF /* Products */ = {
			isa = PBXGroup;
			children = (
				79A38DEC292BF6BB00C55DAF /* Apple Music UIKit.app */,
			);
			name = Products;
			sourceTree = "<group>";
		};
		79A38DEE292BF6BB00C55DAF /* Apple Music UIKit */ = {
			isa = PBXGroup;
			children = (
				79A38E08292BFBD500C55DAF /* Resources */,
				79A38E07292BFBBC00C55DAF /* Managers */,
				79A38E06292BFB9900C55DAF /* ViewModels */,
				79A38E05292BFB8D00C55DAF /* Models */,
				79A38E04292BFB6500C55DAF /* Views */,
				79A38E03292BFB0F00C55DAF /* Controllers */,
				79A38DFD292BF6BC00C55DAF /* Info.plist */,
			);
			path = "Apple Music UIKit";
			sourceTree = "<group>";
		};
		79A38E03292BFB0F00C55DAF /* Controllers */ = {
			isa = PBXGroup;
			children = (
				79A38E12292C00F100C55DAF /* General */,
				79A38E11292C00CA00C55DAF /* Core */,
			);
			path = Controllers;
			sourceTree = "<group>";
		};
		79A38E04292BFB6500C55DAF /* Views */ = {
			isa = PBXGroup;
			children = (
				79A38DFA292BF6BC00C55DAF /* LaunchScreen.storyboard */,
			);
			path = Views;
			sourceTree = "<group>";
		};
		79A38E05292BFB8D00C55DAF /* Models */ = {
			isa = PBXGroup;
			children = (
				79A38E27292C02FF00C55DAF /* Playlist.swift */,
				79A38E29292C032500C55DAF /* AudioTrack.swift */,
				79A38E2B292C034700C55DAF /* Artist.swift */,
				79A38E2D292C036A00C55DAF /* UserProfile.swift */,
				7961528A2941269200D136B4 /* AuthResponse.swift */,
			);
			path = Models;
			sourceTree = "<group>";
		};
		79A38E06292BFB9900C55DAF /* ViewModels */ = {
			isa = PBXGroup;
			children = (
			);
			path = ViewModels;
			sourceTree = "<group>";
		};
		79A38E07292BFBBC00C55DAF /* Managers */ = {
			isa = PBXGroup;
			children = (
				79A38E21292C025300C55DAF /* AuthManager.swift */,
				79A38E23292C027200C55DAF /* APICaller.swift */,
				79A38E25292C029C00C55DAF /* HapticsManager.swift */,
			);
			path = Managers;
			sourceTree = "<group>";
		};
		79A38E08292BFBD500C55DAF /* Resources */ = {
			isa = PBXGroup;
			children = (
				79A38DF8292BF6BC00C55DAF /* Assets.xcassets */,
				79A38DEF292BF6BB00C55DAF /* AppDelegate.swift */,
				79A38DF1292BF6BB00C55DAF /* SceneDelegate.swift */,
				79A38E2F292C16C100C55DAF /* Extensions.swift */,
			);
			path = Resources;
			sourceTree = "<group>";
		};
		79A38E11292C00CA00C55DAF /* Core */ = {
			isa = PBXGroup;
			children = (
				79A38E0B292C002900C55DAF /* TabBarViewController.swift */,
				79A38DF3292BF6BB00C55DAF /* HomeViewController.swift */,
				79A38E0D292C008300C55DAF /* SearchViewController.swift */,
				79A38E0F292C00B100C55DAF /* LibraryViewController.swift */,
			);
			path = Core;
			sourceTree = "<group>";
		};
		79A38E12292C00F100C55DAF /* General */ = {
			isa = PBXGroup;
			children = (
				79A38E13292C013D00C55DAF /* AuthViewController.swift */,
				79A38E15292C015F00C55DAF /* WelcomeViewController.swift */,
				79A38E17292C018300C55DAF /* SettingsViewController.swift */,
				79A38E19292C01A200C55DAF /* ProfileViewController.swift */,
				79A38E1B292C01BD00C55DAF /* PlayerViewController.swift */,
				79A38E1D292C01E000C55DAF /* PlaylistViewController.swift */,
				79A38E1F292C021000C55DAF /* SearchResultsViewController.swift */,
			);
			path = General;
			sourceTree = "<group>";
		};
/* End PBXGroup section */

/* Begin PBXNativeTarget section */
		79A38DEB292BF6BB00C55DAF /* Apple Music UIKit */ = {
			isa = PBXNativeTarget;
			buildConfigurationList = 79A38E00292BF6BC00C55DAF /* Build configuration list for PBXNativeTarget "Apple Music UIKit" */;
			buildPhases = (
				79A38DE8292BF6BB00C55DAF /* Sources */,
				79A38DE9292BF6BB00C55DAF /* Frameworks */,
				79A38DEA292BF6BB00C55DAF /* Resources */,
			);
			buildRules = (
			);
			dependencies = (
			);
			name = "Apple Music UIKit";
			productName = "Apple Music UIKit";
			productReference = 79A38DEC292BF6BB00C55DAF /* Apple Music UIKit.app */;
			productType = "com.apple.product-type.application";
		};
/* End PBXNativeTarget section */

/* Begin PBXProject section */
		79A38DE4292BF6BB00C55DAF /* Project object */ = {
			isa = PBXProject;
			attributes = {
				BuildIndependentTargetsInParallel = 1;
				LastSwiftUpdateCheck = 1410;
				LastUpgradeCheck = 1410;
				TargetAttributes = {
					79A38DEB292BF6BB00C55DAF = {
						CreatedOnToolsVersion = 14.1;
					};
				};
			};
			buildConfigurationList = 79A38DE7292BF6BB00C55DAF /* Build configuration list for PBXProject "Apple Music UIKit" */;
			compatibilityVersion = "Xcode 14.0";
			developmentRegion = en;
			hasScannedForEncodings = 0;
			knownRegions = (
				en,
				Base,
			);
			mainGroup = 79A38DE3292BF6BB00C55DAF;
			productRefGroup = 79A38DED292BF6BB00C55DAF /* Products */;
			projectDirPath = "";
			projectRoot = "";
			targets = (
				79A38DEB292BF6BB00C55DAF /* Apple Music UIKit */,
			);
		};
/* End PBXProject section */

/* Begin PBXResourcesBuildPhase section */
		79A38DEA292BF6BB00C55DAF /* Resources */ = {
			isa = PBXResourcesBuildPhase;
			buildActionMask = 2147483647;
			files = (
				79A38DFC292BF6BC00C55DAF /* LaunchScreen.storyboard in Resources */,
				79A38DF9292BF6BC00C55DAF /* Assets.xcassets in Resources */,
			);
			runOnlyForDeploymentPostprocessing = 0;
		};
/* End PBXResourcesBuildPhase section */

/* Begin PBXSourcesBuildPhase section */
		79A38DE8292BF6BB00C55DAF /* Sources */ = {
			isa = PBXSourcesBuildPhase;
			buildActionMask = 2147483647;
			files = (
				79A38E0E292C008300C55DAF /* SearchViewController.swift in Sources */,
				79A38E28292C02FF00C55DAF /* Playlist.swift in Sources */,
				79A38E22292C025300C55DAF /* AuthManager.swift in Sources */,
				79A38E20292C021000C55DAF /* SearchResultsViewController.swift in Sources */,
				79A38E16292C015F00C55DAF /* WelcomeViewController.swift in Sources */,
				79A38E1A292C01A200C55DAF /* ProfileViewController.swift in Sources */,
				79A38E0C292C002900C55DAF /* TabBarViewController.swift in Sources */,
				79A38E26292C029C00C55DAF /* HapticsManager.swift in Sources */,
				7961528B2941269200D136B4 /* AuthResponse.swift in Sources */,
				79A38E2A292C032500C55DAF /* AudioTrack.swift in Sources */,
				79A38DF4292BF6BB00C55DAF /* HomeViewController.swift in Sources */,
				79A38E14292C013D00C55DAF /* AuthViewController.swift in Sources */,
				79A38DF0292BF6BB00C55DAF /* AppDelegate.swift in Sources */,
				79A38E2E292C036A00C55DAF /* UserProfile.swift in Sources */,
				79A38E30292C16C100C55DAF /* Extensions.swift in Sources */,
				79A38E10292C00B100C55DAF /* LibraryViewController.swift in Sources */,
				79A38E2C292C034700C55DAF /* Artist.swift in Sources */,
				79A38E1E292C01E000C55DAF /* PlaylistViewController.swift in Sources */,
				79A38DF2292BF6BB00C55DAF /* SceneDelegate.swift in Sources */,
				79A38E1C292C01BD00C55DAF /* PlayerViewController.swift in Sources */,
				79A38E24292C027200C55DAF /* APICaller.swift in Sources */,
				79A38E18292C018300C55DAF /* SettingsViewController.swift in Sources */,
			);
			runOnlyForDeploymentPostprocessing = 0;
		};
/* End PBXSourcesBuildPhase section */

/* Begin PBXVariantGroup section */
		79A38DFA292BF6BC00C55DAF /* LaunchScreen.storyboard */ = {
			isa = PBXVariantGroup;
			children = (
				79A38DFB292BF6BC00C55DAF /* Base */,
			);
			name = LaunchScreen.storyboard;
			sourceTree = "<group>";
		};
/* End PBXVariantGroup section */

/* Begin XCBuildConfiguration section */
		79A38DFE292BF6BC00C55DAF /* Debug */ = {
			isa = XCBuildConfiguration;
			buildSettings = {
				ALWAYS_SEARCH_USER_PATHS = NO;
				CLANG_ANALYZER_NONNULL = YES;
				CLANG_ANALYZER_NUMBER_OBJECT_CONVERSION = YES_AGGRESSIVE;
				CLANG_CXX_LANGUAGE_STANDARD = "gnu++20";
				CLANG_ENABLE_MODULES = YES;
				CLANG_ENABLE_OBJC_ARC = YES;
				CLANG_ENABLE_OBJC_WEAK = YES;
				CLANG_WARN_BLOCK_CAPTURE_AUTORELEASING = YES;
				CLANG_WARN_BOOL_CONVERSION = YES;
				CLANG_WARN_COMMA = YES;
				CLANG_WARN_CONSTANT_CONVERSION = YES;
				CLANG_WARN_DEPRECATED_OBJC_IMPLEMENTATIONS = YES;
				CLANG_WARN_DIRECT_OBJC_ISA_USAGE = YES_ERROR;
				CLANG_WARN_DOCUMENTATION_COMMENTS = YES;
				CLANG_WARN_EMPTY_BODY = YES;
				CLANG_WARN_ENUM_CONVERSION = YES;
				CLANG_WARN_INFINITE_RECURSION = YES;
				CLANG_WARN_INT_CONVERSION = YES;
				CLANG_WARN_NON_LITERAL_NULL_CONVERSION = YES;
				CLANG_WARN_OBJC_IMPLICIT_RETAIN_SELF = YES;
				CLANG_WARN_OBJC_LITERAL_CONVERSION = YES;
				CLANG_WARN_OBJC_ROOT_CLASS = YES_ERROR;
				CLANG_WARN_QUOTED_INCLUDE_IN_FRAMEWORK_HEADER = YES;
				CLANG_WARN_RANGE_LOOP_ANALYSIS = YES;
				CLANG_WARN_STRICT_PROTOTYPES = YES;
				CLANG_WARN_SUSPICIOUS_MOVE = YES;
				CLANG_WARN_UNGUARDED_AVAILABILITY = YES_AGGRESSIVE;
				CLANG_WARN_UNREACHABLE_CODE = YES;
				CLANG_WARN__DUPLICATE_METHOD_MATCH = YES;
				COPY_PHASE_STRIP = NO;
				DEBUG_INFORMATION_FORMAT = dwarf;
				ENABLE_STRICT_OBJC_MSGSEND = YES;
				ENABLE_TESTABILITY = YES;
				GCC_C_LANGUAGE_STANDARD = gnu11;
				GCC_DYNAMIC_NO_PIC = NO;
				GCC_NO_COMMON_BLOCKS = YES;
				GCC_OPTIMIZATION_LEVEL = 0;
				GCC_PREPROCESSOR_DEFINITIONS = (
					"DEBUG=1",
					"$(inherited)",
				);
				GCC_WARN_64_TO_32_BIT_CONVERSION = YES;
				GCC_WARN_ABOUT_RETURN_TYPE = YES_ERROR;
				GCC_WARN_UNDECLARED_SELECTOR = YES;
				GCC_WARN_UNINITIALIZED_AUTOS = YES_AGGRESSIVE;
				GCC_WARN_UNUSED_FUNCTION = YES;
				GCC_WARN_UNUSED_VARIABLE = YES;
				IPHONEOS_DEPLOYMENT_TARGET = 16.1;
				MTL_ENABLE_DEBUG_INFO = INCLUDE_SOURCE;
				MTL_FAST_MATH = YES;
				ONLY_ACTIVE_ARCH = YES;
				SDKROOT = iphoneos;
				SWIFT_ACTIVE_COMPILATION_CONDITIONS = DEBUG;
				SWIFT_OPTIMIZATION_LEVEL = "-Onone";
			};
			name = Debug;
		};
		79A38DFF292BF6BC00C55DAF /* Release */ = {
			isa = XCBuildConfiguration;
			buildSettings = {
				ALWAYS_SEARCH_USER_PATHS = NO;
				CLANG_ANALYZER_NONNULL = YES;
				CLANG_ANALYZER_NUMBER_OBJECT_CONVERSION = YES_AGGRESSIVE;
				CLANG_CXX_LANGUAGE_STANDARD = "gnu++20";
				CLANG_ENABLE_MODULES = YES;
				CLANG_ENABLE_OBJC_ARC = YES;
				CLANG_ENABLE_OBJC_WEAK = YES;
				CLANG_WARN_BLOCK_CAPTURE_AUTORELEASING = YES;
				CLANG_WARN_BOOL_CONVERSION = YES;
				CLANG_WARN_COMMA = YES;
				CLANG_WARN_CONSTANT_CONVERSION = YES;
				CLANG_WARN_DEPRECATED_OBJC_IMPLEMENTATIONS = YES;
				CLANG_WARN_DIRECT_OBJC_ISA_USAGE = YES_ERROR;
				CLANG_WARN_DOCUMENTATION_COMMENTS = YES;
				CLANG_WARN_EMPTY_BODY = YES;
				CLANG_WARN_ENUM_CONVERSION = YES;
				CLANG_WARN_INFINITE_RECURSION = YES;
				CLANG_WARN_INT_CONVERSION = YES;
				CLANG_WARN_NON_LITERAL_NULL_CONVERSION = YES;
				CLANG_WARN_OBJC_IMPLICIT_RETAIN_SELF = YES;
				CLANG_WARN_OBJC_LITERAL_CONVERSION = YES;
				CLANG_WARN_OBJC_ROOT_CLASS = YES_ERROR;
				CLANG_WARN_QUOTED_INCLUDE_IN_FRAMEWORK_HEADER = YES;
				CLANG_WARN_RANGE_LOOP_ANALYSIS = YES;
				CLANG_WARN_STRICT_PROTOTYPES = YES;
				CLANG_WARN_SUSPICIOUS_MOVE = YES;
				CLANG_WARN_UNGUARDED_AVAILABILITY = YES_AGGRESSIVE;
				CLANG_WARN_UNREACHABLE_CODE = YES;
				CLANG_WARN__DUPLICATE_METHOD_MATCH = YES;
				COPY_PHASE_STRIP = NO;
				DEBUG_INFORMATION_FORMAT = "dwarf-with-dsym";
				ENABLE_NS_ASSERTIONS = NO;
				ENABLE_STRICT_OBJC_MSGSEND = YES;
				GCC_C_LANGUAGE_STANDARD = gnu11;
				GCC_NO_COMMON_BLOCKS = YES;
				GCC_WARN_64_TO_32_BIT_CONVERSION = YES;
				GCC_WARN_ABOUT_RETURN_TYPE = YES_ERROR;
				GCC_WARN_UNDECLARED_SELECTOR = YES;
				GCC_WARN_UNINITIALIZED_AUTOS = YES_AGGRESSIVE;
				GCC_WARN_UNUSED_FUNCTION = YES;
				GCC_WARN_UNUSED_VARIABLE = YES;
				IPHONEOS_DEPLOYMENT_TARGET = 16.1;
				MTL_ENABLE_DEBUG_INFO = NO;
				MTL_FAST_MATH = YES;
				SDKROOT = iphoneos;
				SWIFT_COMPILATION_MODE = wholemodule;
				SWIFT_OPTIMIZATION_LEVEL = "-O";
				VALIDATE_PRODUCT = YES;
			};
			name = Release;
		};
		79A38E01292BF6BC00C55DAF /* Debug */ = {
			isa = XCBuildConfiguration;
			buildSettings = {
				ASSETCATALOG_COMPILER_APPICON_NAME = AppIcon;
				ASSETCATALOG_COMPILER_GLOBAL_ACCENT_COLOR_NAME = AccentColor;
				CODE_SIGN_STYLE = Automatic;
				CURRENT_PROJECT_VERSION = 1;
				DEVELOPMENT_TEAM = 4229C9PJKQ;
				GENERATE_INFOPLIST_FILE = YES;
				INFOPLIST_FILE = "Apple Music UIKit/Info.plist";
				INFOPLIST_KEY_UIApplicationSupportsIndirectInputEvents = YES;
				INFOPLIST_KEY_UILaunchStoryboardName = LaunchScreen;
				INFOPLIST_KEY_UISupportedInterfaceOrientations_iPad = "UIInterfaceOrientationPortrait UIInterfaceOrientationPortraitUpsideDown UIInterfaceOrientationLandscapeLeft UIInterfaceOrientationLandscapeRight";
				INFOPLIST_KEY_UISupportedInterfaceOrientations_iPhone = "UIInterfaceOrientationPortrait UIInterfaceOrientationLandscapeLeft UIInterfaceOrientationLandscapeRight";
				LD_RUNPATH_SEARCH_PATHS = (
					"$(inherited)",
					"@executable_path/Frameworks",
				);
				MARKETING_VERSION = 1.0;
				PRODUCT_BUNDLE_IDENTIFIER = "emer88.Apple-Music-UIKit";
				PRODUCT_NAME = "$(TARGET_NAME)";
				SWIFT_EMIT_LOC_STRINGS = YES;
				SWIFT_VERSION = 5.0;
				TARGETED_DEVICE_FAMILY = "1,2";
			};
			name = Debug;
		};
		79A38E02292BF6BC00C55DAF /* Release */ = {
			isa = XCBuildConfiguration;
			buildSettings = {
				ASSETCATALOG_COMPILER_APPICON_NAME = AppIcon;
				ASSETCATALOG_COMPILER_GLOBAL_ACCENT_COLOR_NAME = AccentColor;
				CODE_SIGN_STYLE = Automatic;
				CURRENT_PROJECT_VERSION = 1;
				DEVELOPMENT_TEAM = 4229C9PJKQ;
				GENERATE_INFOPLIST_FILE = YES;
				INFOPLIST_FILE = "Apple Music UIKit/Info.plist";
				INFOPLIST_KEY_UIApplicationSupportsIndirectInputEvents = YES;
				INFOPLIST_KEY_UILaunchStoryboardName = LaunchScreen;
				INFOPLIST_KEY_UISupportedInterfaceOrientations_iPad = "UIInterfaceOrientationPortrait UIInterfaceOrientationPortraitUpsideDown UIInterfaceOrientationLandscapeLeft UIInterfaceOrientationLandscapeRight";
				INFOPLIST_KEY_UISupportedInterfaceOrientations_iPhone = "UIInterfaceOrientationPortrait UIInterfaceOrientationLandscapeLeft UIInterfaceOrientationLandscapeRight";
				LD_RUNPATH_SEARCH_PATHS = (
					"$(inherited)",
					"@executable_path/Frameworks",
				);
				MARKETING_VERSION = 1.0;
				PRODUCT_BUNDLE_IDENTIFIER = "emer88.Apple-Music-UIKit";
				PRODUCT_NAME = "$(TARGET_NAME)";
				SWIFT_EMIT_LOC_STRINGS = YES;
				SWIFT_VERSION = 5.0;
				TARGETED_DEVICE_FAMILY = "1,2";
			};
			name = Release;
		};
/* End XCBuildConfiguration section */

/* Begin XCConfigurationList section */
		79A38DE7292BF6BB00C55DAF /* Build configuration list for PBXProject "Apple Music UIKit" */ = {
			isa = XCConfigurationList;
			buildConfigurations = (
				79A38DFE292BF6BC00C55DAF /* Debug */,
				79A38DFF292BF6BC00C55DAF /* Release */,
			);
			defaultConfigurationIsVisible = 0;
			defaultConfigurationName = Release;
		};
		79A38E00292BF6BC00C55DAF /* Build configuration list for PBXNativeTarget "Apple Music UIKit" */ = {
			isa = XCConfigurationList;
			buildConfigurations = (
				79A38E01292BF6BC00C55DAF /* Debug */,
				79A38E02292BF6BC00C55DAF /* Release */,
			);
			defaultConfigurationIsVisible = 0;
			defaultConfigurationName = Release;
		};
/* End XCConfigurationList section */
	};
	rootObject = 79A38DE4292BF6BB00C55DAF /* Project object */;
}
